// !$*UTF8*$!
{
	archiveVersion = 1;
	classes = {
	};
	objectVersion = 46;
	objects = {

/* Begin PBXBuildFile section */
		100C81C21E691BDF00C030D8 /* AppDelegate.swift in Sources */ = {isa = PBXBuildFile; fileRef = 100C81C11E691BDF00C030D8 /* AppDelegate.swift */; };
		100C81C41E691BDF00C030D8 /* PlayViewController.swift in Sources */ = {isa = PBXBuildFile; fileRef = 100C81C31E691BDF00C030D8 /* PlayViewController.swift */; };
		100C81C61E691BDF00C030D8 /* SettingViewController.swift in Sources */ = {isa = PBXBuildFile; fileRef = 100C81C51E691BDF00C030D8 /* SettingViewController.swift */; };
		100C81C91E691BDF00C030D8 /* Main.storyboard in Resources */ = {isa = PBXBuildFile; fileRef = 100C81C71E691BDF00C030D8 /* Main.storyboard */; };
		100C81CB1E691BDF00C030D8 /* Assets.xcassets in Resources */ = {isa = PBXBuildFile; fileRef = 100C81CA1E691BDF00C030D8 /* Assets.xcassets */; };
		100C81CE1E691BDF00C030D8 /* LaunchScreen.storyboard in Resources */ = {isa = PBXBuildFile; fileRef = 100C81CC1E691BDF00C030D8 /* LaunchScreen.storyboard */; };
		107EC4321FBD817800E090C5 /* MyPickerView.swift in Sources */ = {isa = PBXBuildFile; fileRef = 107EC4311FBD817800E090C5 /* MyPickerView.swift */; };
		10D2DA271F9F77E9003FC12C /* Settings.swift in Sources */ = {isa = PBXBuildFile; fileRef = 10D2DA261F9F77E9003FC12C /* Settings.swift */; };
		10FB62151F5EEF6600D550E8 /* BallView.swift in Sources */ = {isa = PBXBuildFile; fileRef = 10FB62141F5EEF6600D550E8 /* BallView.swift */; };
		10FB62171F618B2700D550E8 /* BreakoutBehavior.swift in Sources */ = {isa = PBXBuildFile; fileRef = 10FB62161F618B2700D550E8 /* BreakoutBehavior.swift */; };
/* End PBXBuildFile section */

/* Begin PBXFileReference section */
		100C81BE1E691BDF00C030D8 /* Breakout.app */ = {isa = PBXFileReference; explicitFileType = wrapper.application; includeInIndex = 0; path = Breakout.app; sourceTree = BUILT_PRODUCTS_DIR; };
		100C81C11E691BDF00C030D8 /* AppDelegate.swift */ = {isa = PBXFileReference; lastKnownFileType = sourcecode.swift; path = AppDelegate.swift; sourceTree = "<group>"; };
		100C81C31E691BDF00C030D8 /* PlayViewController.swift */ = {isa = PBXFileReference; lastKnownFileType = sourcecode.swift; path = PlayViewController.swift; sourceTree = "<group>"; };
		100C81C51E691BDF00C030D8 /* SettingViewController.swift */ = {isa = PBXFileReference; lastKnownFileType = sourcecode.swift; path = SettingViewController.swift; sourceTree = "<group>"; };
		100C81C81E691BDF00C030D8 /* Base */ = {isa = PBXFileReference; lastKnownFileType = file.storyboard; name = Base; path = Base.lproj/Main.storyboard; sourceTree = "<group>"; };
		100C81CA1E691BDF00C030D8 /* Assets.xcassets */ = {isa = PBXFileReference; lastKnownFileType = folder.assetcatalog; path = Assets.xcassets; sourceTree = "<group>"; };
		100C81CD1E691BDF00C030D8 /* Base */ = {isa = PBXFileReference; lastKnownFileType = file.storyboard; name = Base; path = Base.lproj/LaunchScreen.storyboard; sourceTree = "<group>"; };
		100C81CF1E691BDF00C030D8 /* Info.plist */ = {isa = PBXFileReference; lastKnownFileType = text.plist.xml; path = Info.plist; sourceTree = "<group>"; };
		107EC4311FBD817800E090C5 /* MyPickerView.swift */ = {isa = PBXFileReference; fileEncoding = 4; lastKnownFileType = sourcecode.swift; path = MyPickerView.swift; sourceTree = "<group>"; };
		10D2DA261F9F77E9003FC12C /* Settings.swift */ = {isa = PBXFileReference; fileEncoding = 4; lastKnownFileType = sourcecode.swift; path = Settings.swift; sourceTree = "<group>"; };
		10FB62141F5EEF6600D550E8 /* BallView.swift */ = {isa = PBXFileReference; fileEncoding = 4; lastKnownFileType = sourcecode.swift; path = BallView.swift; sourceTree = "<group>"; };
		10FB62161F618B2700D550E8 /* BreakoutBehavior.swift */ = {isa = PBXFileReference; fileEncoding = 4; lastKnownFileType = sourcecode.swift; path = BreakoutBehavior.swift; sourceTree = "<group>"; };
/* End PBXFileReference section */

/* Begin PBXFrameworksBuildPhase section */
		100C81BB1E691BDE00C030D8 /* Frameworks */ = {
			isa = PBXFrameworksBuildPhase;
			buildActionMask = 2147483647;
			files = (
			);
			runOnlyForDeploymentPostprocessing = 0;
		};
/* End PBXFrameworksBuildPhase section */

/* Begin PBXGroup section */
		100C81B51E691BDE00C030D8 = {
			isa = PBXGroup;
			children = (
				100C81C01E691BDF00C030D8 /* Breakout */,
				100C81BF1E691BDF00C030D8 /* Products */,
			);
			sourceTree = "<group>";
		};
		100C81BF1E691BDF00C030D8 /* Products */ = {
			isa = PBXGroup;
			children = (
				100C81BE1E691BDF00C030D8 /* Breakout.app */,
			);
			name = Products;
			sourceTree = "<group>";
		};
		100C81C01E691BDF00C030D8 /* Breakout */ = {
			isa = PBXGroup;
			children = (
				100C81C71E691BDF00C030D8 /* Main.storyboard */,
				107EC4311FBD817800E090C5 /* MyPickerView.swift */,
				100C81C51E691BDF00C030D8 /* SettingViewController.swift */,
				10D2DA261F9F77E9003FC12C /* Settings.swift */,
				100C81C31E691BDF00C030D8 /* PlayViewController.swift */,
				10FB62161F618B2700D550E8 /* BreakoutBehavior.swift */,
				10FB62141F5EEF6600D550E8 /* BallView.swift */,
				100C81D51E691C7800C030D8 /* Supporting Files */,
			);
			path = Breakout;
			sourceTree = "<group>";
		};
		100C81D51E691C7800C030D8 /* Supporting Files */ = {
			isa = PBXGroup;
			children = (
				100C81CA1E691BDF00C030D8 /* Assets.xcassets */,
				100C81C11E691BDF00C030D8 /* AppDelegate.swift */,
				100C81CC1E691BDF00C030D8 /* LaunchScreen.storyboard */,
				100C81CF1E691BDF00C030D8 /* Info.plist */,
			);
			name = "Supporting Files";
			sourceTree = "<group>";
		};
/* End PBXGroup section */

/* Begin PBXNativeTarget section */
		100C81BD1E691BDE00C030D8 /* Breakout */ = {
			isa = PBXNativeTarget;
			buildConfigurationList = 100C81D21E691BDF00C030D8 /* Build configuration list for PBXNativeTarget "Breakout" */;
			buildPhases = (
				100C81BA1E691BDE00C030D8 /* Sources */,
				100C81BB1E691BDE00C030D8 /* Frameworks */,
				100C81BC1E691BDE00C030D8 /* Resources */,
			);
			buildRules = (
			);
			dependencies = (
			);
			name = Breakout;
			productName = Breakout;
			productReference = 100C81BE1E691BDF00C030D8 /* Breakout.app */;
			productType = "com.apple.product-type.application";
		};
/* End PBXNativeTarget section */

/* Begin PBXProject section */
		100C81B61E691BDE00C030D8 /* Project object */ = {
			isa = PBXProject;
			attributes = {
				LastSwiftUpdateCheck = 0820;
				LastUpgradeCheck = 0910;
				ORGANIZATIONNAME = hyf;
				TargetAttributes = {
					100C81BD1E691BDE00C030D8 = {
						CreatedOnToolsVersion = 8.2.1;
						DevelopmentTeam = J7VXGG4NAB;
						LastSwiftMigration = 0910;
						ProvisioningStyle = Automatic;
					};
				};
			};
			buildConfigurationList = 100C81B91E691BDE00C030D8 /* Build configuration list for PBXProject "Breakout" */;
			compatibilityVersion = "Xcode 3.2";
			developmentRegion = English;
			hasScannedForEncodings = 0;
			knownRegions = (
				en,
				Base,
			);
			mainGroup = 100C81B51E691BDE00C030D8;
			productRefGroup = 100C81BF1E691BDF00C030D8 /* Products */;
			projectDirPath = "";
			projectRoot = "";
			targets = (
				100C81BD1E691BDE00C030D8 /* Breakout */,
			);
		};
/* End PBXProject section */

/* Begin PBXResourcesBuildPhase section */
		100C81BC1E691BDE00C030D8 /* Resources */ = {
			isa = PBXResourcesBuildPhase;
			buildActionMask = 2147483647;
			files = (
				100C81CE1E691BDF00C030D8 /* LaunchScreen.storyboard in Resources */,
				100C81CB1E691BDF00C030D8 /* Assets.xcassets in Resources */,
				100C81C91E691BDF00C030D8 /* Main.storyboard in Resources */,
			);
			runOnlyForDeploymentPostprocessing = 0;
		};
/* End PBXResourcesBuildPhase section */

/* Begin PBXSourcesBuildPhase section */
		100C81BA1E691BDE00C030D8 /* Sources */ = {
			isa = PBXSourcesBuildPhase;
			buildActionMask = 2147483647;
			files = (
				107EC4321FBD817800E090C5 /* MyPickerView.swift in Sources */,
				10D2DA271F9F77E9003FC12C /* Settings.swift in Sources */,
				100C81C61E691BDF00C030D8 /* SettingViewController.swift in Sources */,
				10FB62151F5EEF6600D550E8 /* BallView.swift in Sources */,
				100C81C21E691BDF00C030D8 /* AppDelegate.swift in Sources */,
				10FB62171F618B2700D550E8 /* BreakoutBehavior.swift in Sources */,
				100C81C41E691BDF00C030D8 /* PlayViewController.swift in Sources */,
			);
			runOnlyForDeploymentPostprocessing = 0;
		};
/* End PBXSourcesBuildPhase section */

/* Begin PBXVariantGroup section */
		100C81C71E691BDF00C030D8 /* Main.storyboard */ = {
			isa = PBXVariantGroup;
			children = (
				100C81C81E691BDF00C030D8 /* Base */,
			);
			name = Main.storyboard;
			sourceTree = "<group>";
		};
		100C81CC1E691BDF00C030D8 /* LaunchScreen.storyboard */ = {
			isa = PBXVariantGroup;
			children = (
				100C81CD1E691BDF00C030D8 /* Base */,
			);
			name = LaunchScreen.storyboard;
			sourceTree = "<group>";
		};
/* End PBXVariantGroup section */

/* Begin XCBuildConfiguration section */
		100C81D01E691BDF00C030D8 /* Debug */ = {
			isa = XCBuildConfiguration;
			buildSettings = {
				ALWAYS_SEARCH_USER_PATHS = NO;
				CLANG_ANALYZER_NONNULL = YES;
				CLANG_CXX_LANGUAGE_STANDARD = "gnu++0x";
				CLANG_CXX_LIBRARY = "libc++";
				CLANG_ENABLE_MODULES = YES;
				CLANG_ENABLE_OBJC_ARC = YES;
				CLANG_WARN_BLOCK_CAPTURE_AUTORELEASING = YES;
				CLANG_WARN_BOOL_CONVERSION = YES;
				CLANG_WARN_COMMA = YES;
				CLANG_WARN_CONSTANT_CONVERSION = YES;
				CLANG_WARN_DIRECT_OBJC_ISA_USAGE = YES_ERROR;
				CLANG_WARN_DOCUMENTATION_COMMENTS = YES;
				CLANG_WARN_EMPTY_BODY = YES;
				CLANG_WARN_ENUM_CONVERSION = YES;
				CLANG_WARN_INFINITE_RECURSION = YES;
				CLANG_WARN_INT_CONVERSION = YES;
				CLANG_WARN_NON_LITERAL_NULL_CONVERSION = YES;
				CLANG_WARN_OBJC_LITERAL_CONVERSION = YES;
				CLANG_WARN_OBJC_ROOT_CLASS = YES_ERROR;
				CLANG_WARN_RANGE_LOOP_ANALYSIS = YES;
				CLANG_WARN_STRICT_PROTOTYPES = YES;
				CLANG_WARN_SUSPICIOUS_MOVE = YES;
				CLANG_WARN_UNREACHABLE_CODE = YES;
				CLANG_WARN__DUPLICATE_METHOD_MATCH = YES;
				"CODE_SIGN_IDENTITY[sdk=iphoneos*]" = "iPhone Developer";
				COPY_PHASE_STRIP = NO;
				DEBUG_INFORMATION_FORMAT = dwarf;
				ENABLE_STRICT_OBJC_MSGSEND = YES;
				ENABLE_TESTABILITY = YES;
				GCC_C_LANGUAGE_STANDARD = gnu99;
				GCC_DYNAMIC_NO_PIC = NO;
				GCC_NO_COMMON_BLOCKS = YES;
				GCC_OPTIMIZATION_LEVEL = 0;
				GCC_PREPROCESSOR_DEFINITIONS = (
					"DEBUG=1",
					"$(inherited)",
				);
				GCC_WARN_64_TO_32_BIT_CONVERSION = YES;
				GCC_WARN_ABOUT_RETURN_TYPE = YES_ERROR;
				GCC_WARN_UNDECLARED_SELECTOR = YES;
				GCC_WARN_UNINITIALIZED_AUTOS = YES_AGGRESSIVE;
				GCC_WARN_UNUSED_FUNCTION = YES;
				GCC_WARN_UNUSED_VARIABLE = YES;
				IPHONEOS_DEPLOYMENT_TARGET = 10.2;
				MTL_ENABLE_DEBUG_INFO = YES;
				ONLY_ACTIVE_ARCH = YES;
				SDKROOT = iphoneos;
				SWIFT_ACTIVE_COMPILATION_CONDITIONS = DEBUG;
				SWIFT_OPTIMIZATION_LEVEL = "-Onone";
				TARGETED_DEVICE_FAMILY = "1,2";
			};
			name = Debug;
		};
		100C81D11E691BDF00C030D8 /* Release */ = {
			isa = XCBuildConfiguration;
			buildSettings = {
				ALWAYS_SEARCH_USER_PATHS = NO;
				CLANG_ANALYZER_NONNULL = YES;
				CLANG_CXX_LANGUAGE_STANDARD = "gnu++0x";
				CLANG_CXX_LIBRARY = "libc++";
				CLANG_ENABLE_MODULES = YES;
				CLANG_ENABLE_OBJC_ARC = YES;
				CLANG_WARN_BLOCK_CAPTURE_AUTORELEASING = YES;
				CLANG_WARN_BOOL_CONVERSION = YES;
				CLANG_WARN_COMMA = YES;
				CLANG_WARN_CONSTANT_CONVERSION = YES;
				CLANG_WARN_DIRECT_OBJC_ISA_USAGE = YES_ERROR;
				CLANG_WARN_DOCUMENTATION_COMMENTS = YES;
				CLANG_WARN_EMPTY_BODY = YES;
				CLANG_WARN_ENUM_CONVERSION = YES;
				CLANG_WARN_INFINITE_RECURSION = YES;
				CLANG_WARN_INT_CONVERSION = YES;
				CLANG_WARN_NON_LITERAL_NULL_CONVERSION = YES;
				CLANG_WARN_OBJC_LITERAL_CONVERSION = YES;
				CLANG_WARN_OBJC_ROOT_CLASS = YES_ERROR;
				CLANG_WARN_RANGE_LOOP_ANALYSIS = YES;
				CLANG_WARN_STRICT_PROTOTYPES = YES;
				CLANG_WARN_SUSPICIOUS_MOVE = YES;
				CLANG_WARN_UNREACHABLE_CODE = YES;
				CLANG_WARN__DUPLICATE_METHOD_MATCH = YES;
				"CODE_SIGN_IDENTITY[sdk=iphoneos*]" = "iPhone Developer";
				COPY_PHASE_STRIP = NO;
				DEBUG_INFORMATION_FORMAT = "dwarf-with-dsym";
				ENABLE_NS_ASSERTIONS = NO;
				ENABLE_STRICT_OBJC_MSGSEND = YES;
				GCC_C_LANGUAGE_STANDARD = gnu99;
				GCC_NO_COMMON_BLOCKS = YES;
				GCC_WARN_64_TO_32_BIT_CONVERSION = YES;
				GCC_WARN_ABOUT_RETURN_TYPE = YES_ERROR;
				GCC_WARN_UNDECLARED_SELECTOR = YES;
				GCC_WARN_UNINITIALIZED_AUTOS = YES_AGGRESSIVE;
				GCC_WARN_UNUSED_FUNCTION = YES;
				GCC_WARN_UNUSED_VARIABLE = YES;
				IPHONEOS_DEPLOYMENT_TARGET = 10.2;
				MTL_ENABLE_DEBUG_INFO = NO;
				SDKROOT = iphoneos;
				SWIFT_OPTIMIZATION_LEVEL = "-Owholemodule";
				TARGETED_DEVICE_FAMILY = "1,2";
				VALIDATE_PRODUCT = YES;
			};
			name = Release;
		};
		100C81D31E691BDF00C030D8 /* Debug */ = {
			isa = XCBuildConfiguration;
			buildSettings = {
				ASSETCATALOG_COMPILER_APPICON_NAME = AppIcon;
				DEVELOPMENT_TEAM = J7VXGG4NAB;
				INFOPLIST_FILE = Breakout/Info.plist;
				LD_RUNPATH_SEARCH_PATHS = "$(inherited) @executable_path/Frameworks";
				PRODUCT_BUNDLE_IDENTIFIER = com.hyf.Breakout;
				PRODUCT_NAME = "$(TARGET_NAME)";
				SWIFT_SWIFT3_OBJC_INFERENCE = On;
				SWIFT_VERSION = 4.0;
			};
			name = Debug;
		};
		100C81D41E691BDF00C030D8 /* Release */ = {
			isa = XCBuildConfiguration;
			buildSettings = {
				ASSETCATALOG_COMPILER_APPICON_NAME = AppIcon;
				DEVELOPMENT_TEAM = J7VXGG4NAB;
				INFOPLIST_FILE = Breakout/Info.plist;
				LD_RUNPATH_SEARCH_PATHS = "$(inherited) @executable_path/Frameworks";
				PRODUCT_BUNDLE_IDENTIFIER = com.hyf.Breakout;
				PRODUCT_NAME = "$(TARGET_NAME)";
				SWIFT_SWIFT3_OBJC_INFERENCE = On;
				SWIFT_VERSION = 4.0;
			};
			name = Release;
		};
/* End XCBuildConfiguration section */

/* Begin XCConfigurationList section */
		100C81B91E691BDE00C030D8 /* Build configuration list for PBXProject "Breakout" */ = {
			isa = XCConfigurationList;
			buildConfigurations = (
				100C81D01E691BDF00C030D8 /* Debug */,
				100C81D11E691BDF00C030D8 /* Release */,
			);
			defaultConfigurationIsVisible = 0;
			defaultConfigurationName = Release;
		};
		100C81D21E691BDF00C030D8 /* Build configuration list for PBXNativeTarget "Breakout" */ = {
			isa = XCConfigurationList;
			buildConfigurations = (
				100C81D31E691BDF00C030D8 /* Debug */,
				100C81D41E691BDF00C030D8 /* Release */,
			);
			defaultConfigurationIsVisible = 0;
			defaultConfigurationName = Release;
		};
/* End XCConfigurationList section */
	};
	rootObject = 100C81B61E691BDE00C030D8 /* Project object */;
}
